
Microsoft Visual Studio Solution File, Format Version 12.00
# Visual Studio Version 16
VisualStudioVersion = 16.0.31702.278
MinimumVisualStudioVersion = 10.0.40219.1
Project("{FAE04EC0-301F-11D3-BF4B-00C04F79EFBC}") = "Rudniev.TaskScheduler.WebClient", "Rudniev.TaskScheduler.WebClient\Rudniev.TaskScheduler.WebClient.csproj", "{8454693B-0CB8-415D-9EF6-727C29EF3ED0}"
EndProject
Global
	GlobalSection(SolutionConfigurationPlatforms) = preSolution
		Debug|Any CPU = Debug|Any CPU
		Release|Any CPU = Release|Any CPU
	EndGlobalSection
	GlobalSection(ProjectConfigurationPlatforms) = postSolution
		{8454693B-0CB8-415D-9EF6-727C29EF3ED0}.Debug|Any CPU.ActiveCfg = Debug|Any CPU
		{8454693B-0CB8-415D-9EF6-727C29EF3ED0}.Debug|Any CPU.Build.0 = Debug|Any CPU
		{8454693B-0CB8-415D-9EF6-727C29EF3ED0}.Release|Any CPU.ActiveCfg = Release|Any CPU
		{8454693B-0CB8-415D-9EF6-727C29EF3ED0}.Release|Any CPU.Build.0 = Release|Any CPU
	EndGlobalSection
	GlobalSection(SolutionProperties) = preSolution
		HideSolutionNode = FALSE
	EndGlobalSection
	GlobalSection(ExtensibilityGlobals) = postSolution
		SolutionGuid = {32C4A278-56A4-4441-A688-9E5DEC89CA55}
	EndGlobalSection
EndGlobal
